// !$*UTF8*$!
{
	archiveVersion = 1;
	classes = {
	};
	objectVersion = 77;
	objects = {

/* Begin PBXContainerItemProxy section */
		D587C0D22D6D9A72005FCFB6 /* PBXContainerItemProxy */ = {
			isa = PBXContainerItemProxy;
			containerPortal = D587C0B92D6D9A70005FCFB6 /* Project object */;
			proxyType = 1;
			remoteGlobalIDString = D587C0C02D6D9A70005FCFB6;
			remoteInfo = iOSCoding;
		};
		D587C0DC2D6D9A72005FCFB6 /* PBXContainerItemProxy */ = {
			isa = PBXContainerItemProxy;
			containerPortal = D587C0B92D6D9A70005FCFB6 /* Project object */;
			proxyType = 1;
			remoteGlobalIDString = D587C0C02D6D9A70005FCFB6;
			remoteInfo = iOSCoding;
		};
/* End PBXContainerItemProxy section */

/* Begin PBXFileReference section */
		D587C0C12D6D9A70005FCFB6 /* iOSCoding.app */ = {isa = PBXFileReference; explicitFileType = wrapper.application; includeInIndex = 0; path = iOSCoding.app; sourceTree = BUILT_PRODUCTS_DIR; };
		D587C0D12D6D9A72005FCFB6 /* iOSCodingTests.xctest */ = {isa = PBXFileReference; explicitFileType = wrapper.cfbundle; includeInIndex = 0; path = iOSCodingTests.xctest; sourceTree = BUILT_PRODUCTS_DIR; };
		D587C0DB2D6D9A72005FCFB6 /* iOSCodingUITests.xctest */ = {isa = PBXFileReference; explicitFileType = wrapper.cfbundle; includeInIndex = 0; path = iOSCodingUITests.xctest; sourceTree = BUILT_PRODUCTS_DIR; };
/* End PBXFileReference section */

/* Begin PBXFileSystemSynchronizedRootGroup section */
		D587C0C32D6D9A70005FCFB6 /* iOSCoding */ = {
			isa = PBXFileSystemSynchronizedRootGroup;
			path = iOSCoding;
			sourceTree = "<group>";
		};
		D587C0D42D6D9A72005FCFB6 /* iOSCodingTests */ = {
			isa = PBXFileSystemSynchronizedRootGroup;
			path = iOSCodingTests;
			sourceTree = "<group>";
		};
		D587C0DE2D6D9A72005FCFB6 /* iOSCodingUITests */ = {
			isa = PBXFileSystemSynchronizedRootGroup;
			path = iOSCodingUITests;
			sourceTree = "<group>";
		};
/* End PBXFileSystemSynchronizedRootGroup section */

/* Begin PBXFrameworksBuildPhase section */
		D587C0BE2D6D9A70005FCFB6 /* Frameworks */ = {
			isa = PBXFrameworksBuildPhase;
			buildActionMask = 2147483647;
			files = (
			);
			runOnlyForDeploymentPostprocessing = 0;
		};
		D587C0CE2D6D9A72005FCFB6 /* Frameworks */ = {
			isa = PBXFrameworksBuildPhase;
			buildActionMask = 2147483647;
			files = (
			);
			runOnlyForDeploymentPostprocessing = 0;
		};
		D587C0D82D6D9A72005FCFB6 /* Frameworks */ = {
			isa = PBXFrameworksBuildPhase;
			buildActionMask = 2147483647;
			files = (
			);
			runOnlyForDeploymentPostprocessing = 0;
		};
/* End PBXFrameworksBuildPhase section */

/* Begin PBXGroup section */
		D587C0B82D6D9A70005FCFB6 = {
			isa = PBXGroup;
			children = (
				D587C0C32D6D9A70005FCFB6 /* iOSCoding */,
				D587C0D42D6D9A72005FCFB6 /* iOSCodingTests */,
				D587C0DE2D6D9A72005FCFB6 /* iOSCodingUITests */,
				D587C0C22D6D9A70005FCFB6 /* Products */,
			);
			sourceTree = "<group>";
		};
		D587C0C22D6D9A70005FCFB6 /* Products */ = {
			isa = PBXGroup;
			children = (
				D587C0C12D6D9A70005FCFB6 /* iOSCoding.app */,
				D587C0D12D6D9A72005FCFB6 /* iOSCodingTests.xctest */,
				D587C0DB2D6D9A72005FCFB6 /* iOSCodingUITests.xctest */,
			);
			name = Products;
			sourceTree = "<group>";
		};
/* End PBXGroup section */

/* Begin PBXNativeTarget section */
		D587C0C02D6D9A70005FCFB6 /* iOSCoding */ = {
			isa = PBXNativeTarget;
			buildConfigurationList = D587C0E52D6D9A72005FCFB6 /* Build configuration list for PBXNativeTarget "iOSCoding" */;
			buildPhases = (
				D587C0BD2D6D9A70005FCFB6 /* Sources */,
				D587C0BE2D6D9A70005FCFB6 /* Frameworks */,
				D587C0BF2D6D9A70005FCFB6 /* Resources */,
			);
			buildRules = (
			);
			dependencies = (
			);
			fileSystemSynchronizedGroups = (
				D587C0C32D6D9A70005FCFB6 /* iOSCoding */,
			);
			name = iOSCoding;
			packageProductDependencies = (
			);
			productName = iOSCoding;
			productReference = D587C0C12D6D9A70005FCFB6 /* iOSCoding.app */;
			productType = "com.apple.product-type.application";
		};
		D587C0D02D6D9A72005FCFB6 /* iOSCodingTests */ = {
			isa = PBXNativeTarget;
			buildConfigurationList = D587C0E82D6D9A72005FCFB6 /* Build configuration list for PBXNativeTarget "iOSCodingTests" */;
			buildPhases = (
				D587C0CD2D6D9A72005FCFB6 /* Sources */,
				D587C0CE2D6D9A72005FCFB6 /* Frameworks */,
				D587C0CF2D6D9A72005FCFB6 /* Resources */,
			);
			buildRules = (
			);
			dependencies = (
				D587C0D32D6D9A72005FCFB6 /* PBXTargetDependency */,
			);
			fileSystemSynchronizedGroups = (
				D587C0D42D6D9A72005FCFB6 /* iOSCodingTests */,
			);
			name = iOSCodingTests;
			packageProductDependencies = (
			);
			productName = iOSCodingTests;
			productReference = D587C0D12D6D9A72005FCFB6 /* iOSCodingTests.xctest */;
			productType = "com.apple.product-type.bundle.unit-test";
		};
		D587C0DA2D6D9A72005FCFB6 /* iOSCodingUITests */ = {
			isa = PBXNativeTarget;
			buildConfigurationList = D587C0EB2D6D9A72005FCFB6 /* Build configuration list for PBXNativeTarget "iOSCodingUITests" */;
			buildPhases = (
				D587C0D72D6D9A72005FCFB6 /* Sources */,
				D587C0D82D6D9A72005FCFB6 /* Frameworks */,
				D587C0D92D6D9A72005FCFB6 /* Resources */,
			);
			buildRules = (
			);
			dependencies = (
				D587C0DD2D6D9A72005FCFB6 /* PBXTargetDependency */,
			);
			fileSystemSynchronizedGroups = (
				D587C0DE2D6D9A72005FCFB6 /* iOSCodingUITests */,
			);
			name = iOSCodingUITests;
			packageProductDependencies = (
			);
			productName = iOSCodingUITests;
			productReference = D587C0DB2D6D9A72005FCFB6 /* iOSCodingUITests.xctest */;
			productType = "com.apple.product-type.bundle.ui-testing";
		};
/* End PBXNativeTarget section */

/* Begin PBXProject section */
		D587C0B92D6D9A70005FCFB6 /* Project object */ = {
			isa = PBXProject;
			attributes = {
				BuildIndependentTargetsInParallel = 1;
				LastSwiftUpdateCheck = 1620;
				LastUpgradeCheck = 1620;
				TargetAttributes = {
					D587C0C02D6D9A70005FCFB6 = {
						CreatedOnToolsVersion = 16.2;
					};
					D587C0D02D6D9A72005FCFB6 = {
						CreatedOnToolsVersion = 16.2;
						TestTargetID = D587C0C02D6D9A70005FCFB6;
					};
					D587C0DA2D6D9A72005FCFB6 = {
						CreatedOnToolsVersion = 16.2;
						TestTargetID = D587C0C02D6D9A70005FCFB6;
					};
				};
			};
			buildConfigurationList = D587C0BC2D6D9A70005FCFB6 /* Build configuration list for PBXProject "iOSCoding" */;
			developmentRegion = en;
			hasScannedForEncodings = 0;
			knownRegions = (
				en,
				Base,
			);
			mainGroup = D587C0B82D6D9A70005FCFB6;
			minimizedProjectReferenceProxies = 1;
			preferredProjectObjectVersion = 77;
			productRefGroup = D587C0C22D6D9A70005FCFB6 /* Products */;
			projectDirPath = "";
			projectRoot = "";
			targets = (
				D587C0C02D6D9A70005FCFB6 /* iOSCoding */,
				D587C0D02D6D9A72005FCFB6 /* iOSCodingTests */,
				D587C0DA2D6D9A72005FCFB6 /* iOSCodingUITests */,
			);
		};
/* End PBXProject section */

/* Begin PBXResourcesBuildPhase section */
		D587C0BF2D6D9A70005FCFB6 /* Resources */ = {
			isa = PBXResourcesBuildPhase;
			buildActionMask = 2147483647;
			files = (
			);
			runOnlyForDeploymentPostprocessing = 0;
		};
		D587C0CF2D6D9A72005FCFB6 /* Resources */ = {
			isa = PBXResourcesBuildPhase;
			buildActionMask = 2147483647;
			files = (
			);
			runOnlyForDeploymentPostprocessing = 0;
		};
		D587C0D92D6D9A72005FCFB6 /* Resources */ = {
			isa = PBXResourcesBuildPhase;
			buildActionMask = 2147483647;
			files = (
			);
			runOnlyForDeploymentPostprocessing = 0;
		};
/* End PBXResourcesBuildPhase section */

/* Begin PBXSourcesBuildPhase section */
		D587C0BD2D6D9A70005FCFB6 /* Sources */ = {
			isa = PBXSourcesBuildPhase;
			buildActionMask = 2147483647;
			files = (
			);
			runOnlyForDeploymentPostprocessing = 0;
		};
		D587C0CD2D6D9A72005FCFB6 /* Sources */ = {
			isa = PBXSourcesBuildPhase;
			buildActionMask = 2147483647;
			files = (
			);
			runOnlyForDeploymentPostprocessing = 0;
		};
		D587C0D72D6D9A72005FCFB6 /* Sources */ = {
			isa = PBXSourcesBuildPhase;
			buildActionMask = 2147483647;
			files = (
			);
			runOnlyForDeploymentPostprocessing = 0;
		};
/* End PBXSourcesBuildPhase section */

/* Begin PBXTargetDependency section */
		D587C0D32D6D9A72005FCFB6 /* PBXTargetDependency */ = {
			isa = PBXTargetDependency;
			target = D587C0C02D6D9A70005FCFB6 /* iOSCoding */;
			targetProxy = D587C0D22D6D9A72005FCFB6 /* PBXContainerItemProxy */;
		};
		D587C0DD2D6D9A72005FCFB6 /* PBXTargetDependency */ = {
			isa = PBXTargetDependency;
			target = D587C0C02D6D9A70005FCFB6 /* iOSCoding */;
			targetProxy = D587C0DC2D6D9A72005FCFB6 /* PBXContainerItemProxy */;
		};
/* End PBXTargetDependency section */

/* Begin XCBuildConfiguration section */
		D587C0E32D6D9A72005FCFB6 /* Debug */ = {
			isa = XCBuildConfiguration;
			buildSettings = {
				ALWAYS_SEARCH_USER_PATHS = NO;
				ASSETCATALOG_COMPILER_GENERATE_SWIFT_ASSET_SYMBOL_EXTENSIONS = YES;
				CLANG_ANALYZER_NONNULL = YES;
				CLANG_ANALYZER_NUMBER_OBJECT_CONVERSION = YES_AGGRESSIVE;
				CLANG_CXX_LANGUAGE_STANDARD = "gnu++20";
				CLANG_ENABLE_MODULES = YES;
				CLANG_ENABLE_OBJC_ARC = YES;
				CLANG_ENABLE_OBJC_WEAK = YES;
				CLANG_WARN_BLOCK_CAPTURE_AUTORELEASING = YES;
				CLANG_WARN_BOOL_CONVERSION = YES;
				CLANG_WARN_COMMA = YES;
				CLANG_WARN_CONSTANT_CONVERSION = YES;
				CLANG_WARN_DEPRECATED_OBJC_IMPLEMENTATIONS = YES;
				CLANG_WARN_DIRECT_OBJC_ISA_USAGE = YES_ERROR;
				CLANG_WARN_DOCUMENTATION_COMMENTS = YES;
				CLANG_WARN_EMPTY_BODY = YES;
				CLANG_WARN_ENUM_CONVERSION = YES;
				CLANG_WARN_INFINITE_RECURSION = YES;
				CLANG_WARN_INT_CONVERSION = YES;
				CLANG_WARN_NON_LITERAL_NULL_CONVERSION = YES;
				CLANG_WARN_OBJC_IMPLICIT_RETAIN_SELF = YES;
				CLANG_WARN_OBJC_LITERAL_CONVERSION = YES;
				CLANG_WARN_OBJC_ROOT_CLASS = YES_ERROR;
				CLANG_WARN_QUOTED_INCLUDE_IN_FRAMEWORK_HEADER = YES;
				CLANG_WARN_RANGE_LOOP_ANALYSIS = YES;
				CLANG_WARN_STRICT_PROTOTYPES = YES;
				CLANG_WARN_SUSPICIOUS_MOVE = YES;
				CLANG_WARN_UNGUARDED_AVAILABILITY = YES_AGGRESSIVE;
				CLANG_WARN_UNREACHABLE_CODE = YES;
				CLANG_WARN__DUPLICATE_METHOD_MATCH = YES;
				COPY_PHASE_STRIP = NO;
				DEBUG_INFORMATION_FORMAT = dwarf;
				ENABLE_STRICT_OBJC_MSGSEND = YES;
				ENABLE_TESTABILITY = YES;
				ENABLE_USER_SCRIPT_SANDBOXING = YES;
				GCC_C_LANGUAGE_STANDARD = gnu17;
				GCC_DYNAMIC_NO_PIC = NO;
				GCC_NO_COMMON_BLOCKS = YES;
				GCC_OPTIMIZATION_LEVEL = 0;
				GCC_PREPROCESSOR_DEFINITIONS = (
					"DEBUG=1",
					"$(inherited)",
				);
				GCC_WARN_64_TO_32_BIT_CONVERSION = YES;
				GCC_WARN_ABOUT_RETURN_TYPE = YES_ERROR;
				GCC_WARN_UNDECLARED_SELECTOR = YES;
				GCC_WARN_UNINITIALIZED_AUTOS = YES_AGGRESSIVE;
				GCC_WARN_UNUSED_FUNCTION = YES;
				GCC_WARN_UNUSED_VARIABLE = YES;
				IPHONEOS_DEPLOYMENT_TARGET = 18.2;
				LOCALIZATION_PREFERS_STRING_CATALOGS = YES;
				MTL_ENABLE_DEBUG_INFO = INCLUDE_SOURCE;
				MTL_FAST_MATH = YES;
				ONLY_ACTIVE_ARCH = YES;
				SDKROOT = iphoneos;
				SWIFT_ACTIVE_COMPILATION_CONDITIONS = "DEBUG $(inherited)";
				SWIFT_OPTIMIZATION_LEVEL = "-Onone";
			};
			name = Debug;
		};
		D587C0E42D6D9A72005FCFB6 /* Release */ = {
			isa = XCBuildConfiguration;
			buildSettings = {
				ALWAYS_SEARCH_USER_PATHS = NO;
				ASSETCATALOG_COMPILER_GENERATE_SWIFT_ASSET_SYMBOL_EXTENSIONS = YES;
				CLANG_ANALYZER_NONNULL = YES;
				CLANG_ANALYZER_NUMBER_OBJECT_CONVERSION = YES_AGGRESSIVE;
				CLANG_CXX_LANGUAGE_STANDARD = "gnu++20";
				CLANG_ENABLE_MODULES = YES;
				CLANG_ENABLE_OBJC_ARC = YES;
				CLANG_ENABLE_OBJC_WEAK = YES;
				CLANG_WARN_BLOCK_CAPTURE_AUTORELEASING = YES;
				CLANG_WARN_BOOL_CONVERSION = YES;
				CLANG_WARN_COMMA = YES;
				CLANG_WARN_CONSTANT_CONVERSION = YES;
				CLANG_WARN_DEPRECATED_OBJC_IMPLEMENTATIONS = YES;
				CLANG_WARN_DIRECT_OBJC_ISA_USAGE = YES_ERROR;
				CLANG_WARN_DOCUMENTATION_COMMENTS = YES;
				CLANG_WARN_EMPTY_BODY = YES;
				CLANG_WARN_ENUM_CONVERSION = YES;
				CLANG_WARN_INFINITE_RECURSION = YES;
				CLANG_WARN_INT_CONVERSION = YES;
				CLANG_WARN_NON_LITERAL_NULL_CONVERSION = YES;
				CLANG_WARN_OBJC_IMPLICIT_RETAIN_SELF = YES;
				CLANG_WARN_OBJC_LITERAL_CONVERSION = YES;
				CLANG_WARN_OBJC_ROOT_CLASS = YES_ERROR;
				CLANG_WARN_QUOTED_INCLUDE_IN_FRAMEWORK_HEADER = YES;
				CLANG_WARN_RANGE_LOOP_ANALYSIS = YES;
				CLANG_WARN_STRICT_PROTOTYPES = YES;
				CLANG_WARN_SUSPICIOUS_MOVE = YES;
				CLANG_WARN_UNGUARDED_AVAILABILITY = YES_AGGRESSIVE;
				CLANG_WARN_UNREACHABLE_CODE = YES;
				CLANG_WARN__DUPLICATE_METHOD_MATCH = YES;
				COPY_PHASE_STRIP = NO;
				DEBUG_INFORMATION_FORMAT = "dwarf-with-dsym";
				ENABLE_NS_ASSERTIONS = NO;
				ENABLE_STRICT_OBJC_MSGSEND = YES;
				ENABLE_USER_SCRIPT_SANDBOXING = YES;
				GCC_C_LANGUAGE_STANDARD = gnu17;
				GCC_NO_COMMON_BLOCKS = YES;
				GCC_WARN_64_TO_32_BIT_CONVERSION = YES;
				GCC_WARN_ABOUT_RETURN_TYPE = YES_ERROR;
				GCC_WARN_UNDECLARED_SELECTOR = YES;
				GCC_WARN_UNINITIALIZED_AUTOS = YES_AGGRESSIVE;
				GCC_WARN_UNUSED_FUNCTION = YES;
				GCC_WARN_UNUSED_VARIABLE = YES;
				IPHONEOS_DEPLOYMENT_TARGET = 18.2;
				LOCALIZATION_PREFERS_STRING_CATALOGS = YES;
				MTL_ENABLE_DEBUG_INFO = NO;
				MTL_FAST_MATH = YES;
				SDKROOT = iphoneos;
				SWIFT_COMPILATION_MODE = wholemodule;
				VALIDATE_PRODUCT = YES;
			};
			name = Release;
		};
		D587C0E62D6D9A72005FCFB6 /* Debug */ = {
			isa = XCBuildConfiguration;
			buildSettings = {
				ASSETCATALOG_COMPILER_APPICON_NAME = AppIcon;
				ASSETCATALOG_COMPILER_GLOBAL_ACCENT_COLOR_NAME = AccentColor;
				CODE_SIGN_STYLE = Automatic;
				CURRENT_PROJECT_VERSION = 1;
				DEVELOPMENT_ASSET_PATHS = "\"iOSCoding/Preview Content\"";
				ENABLE_PREVIEWS = YES;
				GENERATE_INFOPLIST_FILE = YES;
				INFOPLIST_KEY_UIApplicationSceneManifest_Generation = YES;
				INFOPLIST_KEY_UIApplicationSupportsIndirectInputEvents = YES;
				INFOPLIST_KEY_UILaunchScreen_Generation = YES;
				INFOPLIST_KEY_UISupportedInterfaceOrientations_iPad = "UIInterfaceOrientationPortrait UIInterfaceOrientationPortraitUpsideDown UIInterfaceOrientationLandscapeLeft UIInterfaceOrientationLandscapeRight";
				INFOPLIST_KEY_UISupportedInterfaceOrientations_iPhone = "UIInterfaceOrientationPortrait UIInterfaceOrientationLandscapeLeft UIInterfaceOrientationLandscapeRight";
				LD_RUNPATH_SEARCH_PATHS = (
					"$(inherited)",
					"@executable_path/Frameworks",
				);
				MARKETING_VERSION = 1.0;
				PRODUCT_BUNDLE_IDENTIFIER = com.7seven.iOSCoding;
				PRODUCT_NAME = "$(TARGET_NAME)";
				SWIFT_EMIT_LOC_STRINGS = YES;
				SWIFT_VERSION = 5.0;
				TARGETED_DEVICE_FAMILY = "1,2";
			};
			name = Debug;
		};
		D587C0E72D6D9A72005FCFB6 /* Release */ = {
			isa = XCBuildConfiguration;
			buildSettings = {
				ASSETCATALOG_COMPILER_APPICON_NAME = AppIcon;
				ASSETCATALOG_COMPILER_GLOBAL_ACCENT_COLOR_NAME = AccentColor;
				CODE_SIGN_STYLE = Automatic;
				CURRENT_PROJECT_VERSION = 1;
				DEVELOPMENT_ASSET_PATHS = "\"iOSCoding/Preview Content\"";
				ENABLE_PREVIEWS = YES;
				GENERATE_INFOPLIST_FILE = YES;
				INFOPLIST_KEY_UIApplicationSceneManifest_Generation = YES;
				INFOPLIST_KEY_UIApplicationSupportsIndirectInputEvents = YES;
				INFOPLIST_KEY_UILaunchScreen_Generation = YES;
				INFOPLIST_KEY_UISupportedInterfaceOrientations_iPad = "UIInterfaceOrientationPortrait UIInterfaceOrientationPortraitUpsideDown UIInterfaceOrientationLandscapeLeft UIInterfaceOrientationLandscapeRight";
				INFOPLIST_KEY_UISupportedInterfaceOrientations_iPhone = "UIInterfaceOrientationPortrait UIInterfaceOrientationLandscapeLeft UIInterfaceOrientationLandscapeRight";
				LD_RUNPATH_SEARCH_PATHS = (
					"$(inherited)",
					"@executable_path/Frameworks",
				);
				MARKETING_VERSION = 1.0;
				PRODUCT_BUNDLE_IDENTIFIER = com.7seven.iOSCoding;
				PRODUCT_NAME = "$(TARGET_NAME)";
				SWIFT_EMIT_LOC_STRINGS = YES;
				SWIFT_VERSION = 5.0;
				TARGETED_DEVICE_FAMILY = "1,2";
			};
			name = Release;
		};
		D587C0E92D6D9A72005FCFB6 /* Debug */ = {
			isa = XCBuildConfiguration;
			buildSettings = {
				BUNDLE_LOADER = "$(TEST_HOST)";
				CODE_SIGN_STYLE = Automatic;
				CURRENT_PROJECT_VERSION = 1;
				GENERATE_INFOPLIST_FILE = YES;
				IPHONEOS_DEPLOYMENT_TARGET = 18.2;
				MARKETING_VERSION = 1.0;
				PRODUCT_BUNDLE_IDENTIFIER = com.7seven.iOSCodingTests;
				PRODUCT_NAME = "$(TARGET_NAME)";
				SWIFT_EMIT_LOC_STRINGS = NO;
				SWIFT_VERSION = 5.0;
				TARGETED_DEVICE_FAMILY = "1,2";
				TEST_HOST = "$(BUILT_PRODUCTS_DIR)/iOSCoding.app/$(BUNDLE_EXECUTABLE_FOLDER_PATH)/iOSCoding";
			};
			name = Debug;
		};
		D587C0EA2D6D9A72005FCFB6 /* Release */ = {
			isa = XCBuildConfiguration;
			buildSettings = {
				BUNDLE_LOADER = "$(TEST_HOST)";
				CODE_SIGN_STYLE = Automatic;
				CURRENT_PROJECT_VERSION = 1;
				GENERATE_INFOPLIST_FILE = YES;
				IPHONEOS_DEPLOYMENT_TARGET = 18.2;
				MARKETING_VERSION = 1.0;
				PRODUCT_BUNDLE_IDENTIFIER = com.7seven.iOSCodingTests;
				PRODUCT_NAME = "$(TARGET_NAME)";
				SWIFT_EMIT_LOC_STRINGS = NO;
				SWIFT_VERSION = 5.0;
				TARGETED_DEVICE_FAMILY = "1,2";
				TEST_HOST = "$(BUILT_PRODUCTS_DIR)/iOSCoding.app/$(BUNDLE_EXECUTABLE_FOLDER_PATH)/iOSCoding";
			};
			name = Release;
		};
		D587C0EC2D6D9A72005FCFB6 /* Debug */ = {
			isa = XCBuildConfiguration;
			buildSettings = {
				CODE_SIGN_STYLE = Automatic;
				CURRENT_PROJECT_VERSION = 1;
				GENERATE_INFOPLIST_FILE = YES;
				MARKETING_VERSION = 1.0;
				PRODUCT_BUNDLE_IDENTIFIER = com.7seven.iOSCodingUITests;
				PRODUCT_NAME = "$(TARGET_NAME)";
				SWIFT_EMIT_LOC_STRINGS = NO;
				SWIFT_VERSION = 5.0;
				TARGETED_DEVICE_FAMILY = "1,2";
				TEST_TARGET_NAME = iOSCoding;
			};
			name = Debug;
		};
		D587C0ED2D6D9A72005FCFB6 /* Release */ = {
			isa = XCBuildConfiguration;
			buildSettings = {
				CODE_SIGN_STYLE = Automatic;
				CURRENT_PROJECT_VERSION = 1;
				GENERATE_INFOPLIST_FILE = YES;
				MARKETING_VERSION = 1.0;
				PRODUCT_BUNDLE_IDENTIFIER = com.7seven.iOSCodingUITests;
				PRODUCT_NAME = "$(TARGET_NAME)";
				SWIFT_EMIT_LOC_STRINGS = NO;
				SWIFT_VERSION = 5.0;
				TARGETED_DEVICE_FAMILY = "1,2";
				TEST_TARGET_NAME = iOSCoding;
			};
			name = Release;
		};
/* End XCBuildConfiguration section */

/* Begin XCConfigurationList section */
		D587C0BC2D6D9A70005FCFB6 /* Build configuration list for PBXProject "iOSCoding" */ = {
			isa = XCConfigurationList;
			buildConfigurations = (
				D587C0E32D6D9A72005FCFB6 /* Debug */,
				D587C0E42D6D9A72005FCFB6 /* Release */,
			);
			defaultConfigurationIsVisible = 0;
			defaultConfigurationName = Release;
		};
		D587C0E52D6D9A72005FCFB6 /* Build configuration list for PBXNativeTarget "iOSCoding" */ = {
			isa = XCConfigurationList;
			buildConfigurations = (
				D587C0E62D6D9A72005FCFB6 /* Debug */,
				D587C0E72D6D9A72005FCFB6 /* Release */,
			);
			defaultConfigurationIsVisible = 0;
			defaultConfigurationName = Release;
		};
		D587C0E82D6D9A72005FCFB6 /* Build configuration list for PBXNativeTarget "iOSCodingTests" */ = {
			isa = XCConfigurationList;
			buildConfigurations = (
				D587C0E92D6D9A72005FCFB6 /* Debug */,
				D587C0EA2D6D9A72005FCFB6 /* Release */,
			);
			defaultConfigurationIsVisible = 0;
			defaultConfigurationName = Release;
		};
		D587C0EB2D6D9A72005FCFB6 /* Build configuration list for PBXNativeTarget "iOSCodingUITests" */ = {
			isa = XCConfigurationList;
			buildConfigurations = (
				D587C0EC2D6D9A72005FCFB6 /* Debug */,
				D587C0ED2D6D9A72005FCFB6 /* Release */,
			);
			defaultConfigurationIsVisible = 0;
			defaultConfigurationName = Release;
		};
/* End XCConfigurationList section */
	};
	rootObject = D587C0B92D6D9A70005FCFB6 /* Project object */;
}
